{
  "requires": true,
  "lockfileVersion": 1,
  "dependencies": {
    "asn1": {
      "version": "0.2.3",
      "resolved": "https://registry.npmjs.org/asn1/-/asn1-0.2.3.tgz",
      "integrity": "sha1-2sh4dxPJlmhJ/IGAd36+nB3fO4Y="
    },
    "async-limiter": {
      "version": "1.0.1",
      "resolved": "https://registry.npmjs.org/async-limiter/-/async-limiter-1.0.1.tgz",
      "integrity": "sha512-csOlWGAcRFJaI6m+F2WKdnMKr4HhdhFVBk0H/QbJFMCr+uO2kwohwXQPxw/9OCxp05r5ghVBFSyioixx3gfkNQ=="
    },
    "babel-runtime": {
      "version": "6.26.0",
      "resolved": "https://registry.npmjs.org/babel-runtime/-/babel-runtime-6.26.0.tgz",
      "integrity": "sha1-llxwWGaOgrVde/4E/yM3vItWR/4=",
      "requires": {
        "core-js": "^2.4.0",
        "regenerator-runtime": "^0.11.0"
      }
    },
    "chownr": {
      "version": "2.0.0",
      "resolved": "https://registry.npmjs.org/chownr/-/chownr-2.0.0.tgz",
      "integrity": "sha512-bIomtDF5KGpdogkLd9VspvFzk9KfpyyGlS8YFVZl7TGPBHL5snIOnxeshwVgPteQ9b4Eydl+pVbIyE1DcvCWgQ=="
    },
    "core-js": {
      "version": "2.6.11",
      "resolved": "https://registry.npmjs.org/core-js/-/core-js-2.6.11.tgz",
      "integrity": "sha512-5wjnpaT/3dV+XB4borEsnAYQchn00XSgTAWKDkEqv+K8KevjbzmofK6hfJ9TZIlpj2N0xQpazy7PiRQiWHqzWg=="
    },
    "core-util-is": {
      "version": "1.0.2",
      "resolved": "https://registry.npmjs.org/core-util-is/-/core-util-is-1.0.2.tgz",
      "integrity": "sha1-tf1UIgqivFq1eqtxQMlAdUUDwac="
    },
    "crypto": {
      "version": "1.0.1",
      "resolved": "https://registry.npmjs.org/crypto/-/crypto-1.0.1.tgz",
      "integrity": "sha512-VxBKmeNcqQdiUQUW2Tzq0t377b54N2bMtXO/qiLa+6eRRmmC4qT3D4OnTGoT/U6O9aklQ/jTwbOtRMTTY8G0Ig=="
    },
    "crypto2": {
      "version": "2.0.0",
      "resolved": "https://registry.npmjs.org/crypto2/-/crypto2-2.0.0.tgz",
      "integrity": "sha512-jdXdAgdILldLOF53md25FiQ6ybj2kUFTiRjs7msKTUoZrzgT/M1FPX5dYGJjbbwFls+RJIiZxNTC02DE/8y0ZQ==",
      "requires": {
        "babel-runtime": "6.26.0",
        "node-rsa": "0.4.2",
        "util.promisify": "1.0.0"
      }
    },
    "define-properties": {
      "version": "1.1.3",
      "resolved": "https://registry.npmjs.org/define-properties/-/define-properties-1.1.3.tgz",
      "integrity": "sha512-3MqfYKj2lLzdMSf8ZIZE/V+Zuy+BgD6f164e8K2w7dgnpKArBDerGYpM46IYYcjnkdPNMjPk9A6VFB8+3SKlXQ==",
      "requires": {
        "object-keys": "^1.0.12"
      }
    },
    "duplexer": {
      "version": "0.1.1",
      "resolved": "https://registry.npmjs.org/duplexer/-/duplexer-0.1.1.tgz",
      "integrity": "sha1-rOb/gIwc5mtX0ev5eXessCM0z8E="
    },
    "duplexer2": {
      "version": "0.1.4",
      "resolved": "https://registry.npmjs.org/duplexer2/-/duplexer2-0.1.4.tgz",
      "integrity": "sha1-ixLauHjA1p4+eJEFFmKjL8a93ME=",
      "requires": {
        "readable-stream": "^2.0.2"
      }
    },
    "duplexify": {
      "version": "3.7.1",
      "resolved": "https://registry.npmjs.org/duplexify/-/duplexify-3.7.1.tgz",
      "integrity": "sha512-07z8uv2wMyS51kKhD1KsdXJg5WQ6t93RneqRxUHnskXVtlYYkLqM0gqStQZ3pj073g687jPCHrqNfCzawLYh5g==",
      "requires": {
        "end-of-stream": "^1.0.0",
        "inherits": "^2.0.1",
        "readable-stream": "^2.0.0",
        "stream-shift": "^1.0.0"
      }
    },
    "end-of-stream": {
      "version": "1.4.4",
      "resolved": "https://registry.npmjs.org/end-of-stream/-/end-of-stream-1.4.4.tgz",
      "integrity": "sha512-+uw1inIHVPQoaVuHzRyXd21icM+cnt4CzD5rW+NC1wjOUSTOs+Te7FOv7AhN7vS9x/oIyhLP5PR1H+phQAHu5Q==",
      "requires": {
        "once": "^1.4.0"
      }
    },
    "es-abstract": {
      "version": "1.17.5",
      "resolved": "https://registry.npmjs.org/es-abstract/-/es-abstract-1.17.5.tgz",
      "integrity": "sha512-BR9auzDbySxOcfog0tLECW8l28eRGpDpU3Dm3Hp4q/N+VtLTmyj4EUN088XZWQDW/hzj6sYRDXeOFsaAODKvpg==",
      "requires": {
        "es-to-primitive": "^1.2.1",
        "function-bind": "^1.1.1",
        "has": "^1.0.3",
        "has-symbols": "^1.0.1",
        "is-callable": "^1.1.5",
        "is-regex": "^1.0.5",
        "object-inspect": "^1.7.0",
        "object-keys": "^1.1.1",
        "object.assign": "^4.1.0",
        "string.prototype.trimleft": "^2.1.1",
        "string.prototype.trimright": "^2.1.1"
      }
    },
    "es-to-primitive": {
      "version": "1.2.1",
      "resolved": "https://registry.npmjs.org/es-to-primitive/-/es-to-primitive-1.2.1.tgz",
      "integrity": "sha512-QCOllgZJtaUo9miYBcLChTUaHNjJF3PYs1VidD7AwiEj1kYxKeQTctLAezAOH5ZKRH0g2IgPn6KwB4IT8iRpvA==",
      "requires": {
        "is-callable": "^1.1.4",
        "is-date-object": "^1.0.1",
        "is-symbol": "^1.0.2"
      }
    },
    "fs-minipass": {
      "version": "2.1.0",
      "resolved": "https://registry.npmjs.org/fs-minipass/-/fs-minipass-2.1.0.tgz",
      "integrity": "sha512-V/JgOLFCS+R6Vcq0slCuaeWEdNC3ouDlJMNIsacH2VtALiu9mV4LPrHc5cDl8k5aw6J8jwgWWpiTo5RYhmIzvg==",
      "requires": {
        "minipass": "^3.0.0"
      }
    },
    "function-bind": {
      "version": "1.1.1",
      "resolved": "https://registry.npmjs.org/function-bind/-/function-bind-1.1.1.tgz",
      "integrity": "sha512-yIovAzMX49sF8Yl58fSCWJ5svSLuaibPxXQJFLmBObTuCr0Mf1KiPopGM9NiFjiYBCbfaa2Fh6breQ6ANVTI0A=="
    },
    "has": {
      "version": "1.0.3",
      "resolved": "https://registry.npmjs.org/has/-/has-1.0.3.tgz",
      "integrity": "sha512-f2dvO0VU6Oej7RkWJGrehjbzMAjFp5/VKPp5tTpWIV4JHHZK1/BxbFRtf/siA2SWTe09caDmVtYYzWEIbBS4zw==",
      "requires": {
        "function-bind": "^1.1.1"
      }
    },
    "has-symbols": {
      "version": "1.0.1",
      "resolved": "https://registry.npmjs.org/has-symbols/-/has-symbols-1.0.1.tgz",
      "integrity": "sha512-PLcsoqu++dmEIZB+6totNFKq/7Do+Z0u4oT0zKOJNl3lYK6vGwwu2hjHs+68OEZbTjiUE9bgOABXbP/GvrS0Kg=="
    },
    "inherits": {
      "version": "2.0.4",
      "resolved": "https://registry.npmjs.org/inherits/-/inherits-2.0.4.tgz",
      "integrity": "sha512-k/vGaX4/Yla3WzyMCvTQOXYeIHvqOKtnqBduzTHpzpQZzAskKMhZ2K+EnBiSM9zGSoIFeMpXKxa4dYeZIQqewQ=="
    },
    "is-callable": {
      "version": "1.1.5",
      "resolved": "https://registry.npmjs.org/is-callable/-/is-callable-1.1.5.tgz",
      "integrity": "sha512-ESKv5sMCJB2jnHTWZ3O5itG+O128Hsus4K4Qh1h2/cgn2vbgnLSVqfV46AeJA9D5EeeLa9w81KUXMtn34zhX+Q=="
    },
    "is-date-object": {
      "version": "1.0.2",
      "resolved": "https://registry.npmjs.org/is-date-object/-/is-date-object-1.0.2.tgz",
      "integrity": "sha512-USlDT524woQ08aoZFzh3/Z6ch9Y/EWXEHQ/AaRN0SkKq4t2Jw2R2339tSXmwuVoY7LLlBCbOIlx2myP/L5zk0g=="
    },
    "is-regex": {
      "version": "1.0.5",
      "resolved": "https://registry.npmjs.org/is-regex/-/is-regex-1.0.5.tgz",
      "integrity": "sha512-vlKW17SNq44owv5AQR3Cq0bQPEb8+kF3UKZ2fiZNOWtztYE5i0CzCZxFDwO58qAOWtxdBRVO/V5Qin1wjCqFYQ==",
      "requires": {
        "has": "^1.0.3"
      }
    },
    "is-symbol": {
      "version": "1.0.3",
      "resolved": "https://registry.npmjs.org/is-symbol/-/is-symbol-1.0.3.tgz",
      "integrity": "sha512-OwijhaRSgqvhm/0ZdAcXNZt9lYdKFpcRDT5ULUuYXPoT794UNOdU+gpT6Rzo7b4V2HUl/op6GqY894AZwv9faQ==",
      "requires": {
        "has-symbols": "^1.0.1"
      }
    },
    "isarray": {
      "version": "1.0.0",
      "resolved": "https://registry.npmjs.org/isarray/-/isarray-1.0.0.tgz",
      "integrity": "sha1-u5NdSFgsuhaMBoNJV6VKPgcSTxE="
    },
    "minipass": {
      "version": "3.1.3",
      "resolved": "https://registry.npmjs.org/minipass/-/minipass-3.1.3.tgz",
      "integrity": "sha512-Mgd2GdMVzY+x3IJ+oHnVM+KG3lA5c8tnabyJKmHSaG2kAGpudxuOf8ToDkhumF7UzME7DecbQE9uOZhNm7PuJg==",
      "requires": {
        "yallist": "^4.0.0"
      }
    },
    "minizlib": {
      "version": "2.1.2",
      "resolved": "https://registry.npmjs.org/minizlib/-/minizlib-2.1.2.tgz",
      "integrity": "sha512-bAxsR8BVfj60DWXHE3u30oHzfl4G7khkSuPW+qvpd7jFRHm7dLxOjUk1EHACJ/hxLY8phGJ0YhYHZo7jil7Qdg==",
      "requires": {
        "minipass": "^3.0.0",
        "yallist": "^4.0.0"
      }
    },
    "mkdirp": {
      "version": "1.0.4",
      "resolved": "https://registry.npmjs.org/mkdirp/-/mkdirp-1.0.4.tgz",
      "integrity": "sha512-vVqVZQyf3WLx2Shd0qJ9xuvqgAyKPLAiqITEtqW0oIUjzo3PePDd6fW9iFz30ef7Ysp/oiWqbhszeGWW2T6Gzw=="
    },
    "node-rsa": {
      "version": "0.4.2",
      "resolved": "https://registry.npmjs.org/node-rsa/-/node-rsa-0.4.2.tgz",
      "integrity": "sha1-1jkXKewWqDDtWjgEKzFX0tXXJTA=",
      "requires": {
        "asn1": "0.2.3"
      }
    },
    "object-inspect": {
      "version": "1.7.0",
      "resolved": "https://registry.npmjs.org/object-inspect/-/object-inspect-1.7.0.tgz",
      "integrity": "sha512-a7pEHdh1xKIAgTySUGgLMx/xwDZskN1Ud6egYYN3EdRW4ZMPNEDUTF+hwy2LUC+Bl+SyLXANnwz/jyh/qutKUw=="
    },
    "object-keys": {
      "version": "1.1.1",
      "resolved": "https://registry.npmjs.org/object-keys/-/object-keys-1.1.1.tgz",
      "integrity": "sha512-NuAESUOUMrlIXOfHKzD6bpPu3tYt3xvjNdRIQ+FeT0lNb4K8WR70CaDxhuNguS2XG+GjkyMwOzsN5ZktImfhLA=="
    },
    "object.assign": {
      "version": "4.1.0",
      "resolved": "https://registry.npmjs.org/object.assign/-/object.assign-4.1.0.tgz",
      "integrity": "sha512-exHJeq6kBKj58mqGyTQ9DFvrZC/eR6OwxzoM9YRoGBqrXYonaFyGiFMuc9VZrXf7DarreEwMpurG3dd+CNyW5w==",
      "requires": {
        "define-properties": "^1.1.2",
        "function-bind": "^1.1.1",
        "has-symbols": "^1.0.0",
        "object-keys": "^1.0.11"
      }
    },
    "object.getownpropertydescriptors": {
      "version": "2.1.0",
      "resolved": "https://registry.npmjs.org/object.getownpropertydescriptors/-/object.getownpropertydescriptors-2.1.0.tgz",
      "integrity": "sha512-Z53Oah9A3TdLoblT7VKJaTDdXdT+lQO+cNpKVnya5JDe9uLvzu1YyY1yFDFrcxrlRgWrEFH0jJtD/IbuwjcEVg==",
      "requires": {
        "define-properties": "^1.1.3",
        "es-abstract": "^1.17.0-next.1"
      }
    },
    "once": {
      "version": "1.4.0",
      "resolved": "https://registry.npmjs.org/once/-/once-1.4.0.tgz",
      "integrity": "sha1-WDsap3WWHUsROsF9nFC6753Xa9E=",
      "requires": {
        "wrappy": "1"
      }
    },
    "process-nextick-args": {
      "version": "2.0.1",
      "resolved": "https://registry.npmjs.org/process-nextick-args/-/process-nextick-args-2.0.1.tgz",
      "integrity": "sha512-3ouUOpQhtgrbOa17J7+uxOTpITYWaGP7/AhoR3+A+/1e9skrzelGi/dXzEYyvbxubEF6Wn2ypscTKiKJFFn1ag=="
    },
    "readable-stream": {
      "version": "2.3.7",
      "resolved": "https://registry.npmjs.org/readable-stream/-/readable-stream-2.3.7.tgz",
      "integrity": "sha512-Ebho8K4jIbHAxnuxi7o42OrZgF/ZTNcsZj6nRKyUmkhLFq8CHItp/fy6hQZuZmP/n3yZ9VBUbp4zz/mX8hmYPw==",
      "requires": {
        "core-util-is": "~1.0.0",
        "inherits": "~2.0.3",
        "isarray": "~1.0.0",
        "process-nextick-args": "~2.0.0",
        "safe-buffer": "~5.1.1",
        "string_decoder": "~1.1.1",
        "util-deprecate": "~1.0.1"
      }
    },
    "regenerator-runtime": {
      "version": "0.11.1",
      "resolved": "https://registry.npmjs.org/regenerator-runtime/-/regenerator-runtime-0.11.1.tgz",
      "integrity": "sha512-MguG95oij0fC3QV3URf4V2SDYGJhJnJGqvIIgdECeODCT98wSWDAJ94SSuVpYQUoTcGUIL6L4yNB7j1DFFHSBg=="
    },
    "safe-buffer": {
      "version": "5.1.2",
      "resolved": "https://registry.npmjs.org/safe-buffer/-/safe-buffer-5.1.2.tgz",
      "integrity": "sha512-Gd2UZBJDkXlY7GbJxfsE8/nvKkUEU1G38c1siN6QP6a9PT9MmHB8GnpscSmMJSoF8LOIrt8ud/wPtojys4G6+g=="
    },
    "stream-combiner": {
      "version": "0.2.2",
      "resolved": "https://registry.npmjs.org/stream-combiner/-/stream-combiner-0.2.2.tgz",
      "integrity": "sha1-rsjLrBd7Vrb0+kec7YwZEs7lKFg=",
      "requires": {
        "duplexer": "~0.1.1",
        "through": "~2.3.4"
      }
    },
    "stream-shift": {
      "version": "1.0.1",
      "resolved": "https://registry.npmjs.org/stream-shift/-/stream-shift-1.0.1.tgz",
      "integrity": "sha512-AiisoFqQ0vbGcZgQPY1cdP2I76glaVA/RauYR4G4thNFgkTqr90yXTo4LYX60Jl+sIlPNHHdGSwo01AvbKUSVQ=="
    },
    "string.prototype.trimend": {
      "version": "1.0.1",
      "resolved": "https://registry.npmjs.org/string.prototype.trimend/-/string.prototype.trimend-1.0.1.tgz",
      "integrity": "sha512-LRPxFUaTtpqYsTeNKaFOw3R4bxIzWOnbQ837QfBylo8jIxtcbK/A/sMV7Q+OAV/vWo+7s25pOE10KYSjaSO06g==",
      "requires": {
        "define-properties": "^1.1.3",
        "es-abstract": "^1.17.5"
      }
    },
    "string.prototype.trimleft": {
      "version": "2.1.2",
      "resolved": "https://registry.npmjs.org/string.prototype.trimleft/-/string.prototype.trimleft-2.1.2.tgz",
      "integrity": "sha512-gCA0tza1JBvqr3bfAIFJGqfdRTyPae82+KTnm3coDXkZN9wnuW3HjGgN386D7hfv5CHQYCI022/rJPVlqXyHSw==",
      "requires": {
        "define-properties": "^1.1.3",
        "es-abstract": "^1.17.5",
        "string.prototype.trimstart": "^1.0.0"
      }
    },
    "string.prototype.trimright": {
      "version": "2.1.2",
      "resolved": "https://registry.npmjs.org/string.prototype.trimright/-/string.prototype.trimright-2.1.2.tgz",
      "integrity": "sha512-ZNRQ7sY3KroTaYjRS6EbNiiHrOkjihL9aQE/8gfQ4DtAC/aEBRHFJa44OmoWxGGqXuJlfKkZW4WcXErGr+9ZFg==",
      "requires": {
        "define-properties": "^1.1.3",
        "es-abstract": "^1.17.5",
        "string.prototype.trimend": "^1.0.0"
      }
    },
    "string.prototype.trimstart": {
      "version": "1.0.1",
      "resolved": "https://registry.npmjs.org/string.prototype.trimstart/-/string.prototype.trimstart-1.0.1.tgz",
      "integrity": "sha512-XxZn+QpvrBI1FOcg6dIpxUPgWCPuNXvMD72aaRaUQv1eD4e/Qy8i/hFTe0BUmD60p/QA6bh1avmuPTfNjqVWRw==",
      "requires": {
        "define-properties": "^1.1.3",
        "es-abstract": "^1.17.5"
      }
    },
    "string_decoder": {
      "version": "1.1.1",
      "resolved": "https://registry.npmjs.org/string_decoder/-/string_decoder-1.1.1.tgz",
      "integrity": "sha512-n/ShnvDi6FHbbVfviro+WojiFzv+s8MPMHBczVePfUpDJLwoLT0ht1l4YwBCbi8pJAveEEdnkHyPyTP/mzRfwg==",
      "requires": {
        "safe-buffer": "~5.1.0"
      }
    },
    "tar": {
      "version": "6.1.2",
      "resolved": "https://registry.npmjs.org/tar/-/tar-6.1.2.tgz",
      "integrity": "sha512-EwKEgqJ7nJoS+s8QfLYVGMDmAsj+StbI2AM/RTHeUSsOw6Z8bwNBRv5z3CY0m7laC5qUAqruLX5AhMuc5deY3Q==",
      "requires": {
        "chownr": "^2.0.0",
        "fs-minipass": "^2.0.0",
        "minipass": "^3.0.0",
        "minizlib": "^2.1.1",
        "mkdirp": "^1.0.3",
        "yallist": "^4.0.0"
      }
    },
    "through": {
      "version": "2.3.8",
      "resolved": "https://registry.npmjs.org/through/-/through-2.3.8.tgz",
      "integrity": "sha1-DdTJ/6q8NXlgsbckEV1+Doai4fU="
    },
    "ultron": {
      "version": "1.1.1",
      "resolved": "https://registry.npmjs.org/ultron/-/ultron-1.1.1.tgz",
      "integrity": "sha512-UIEXBNeYmKptWH6z8ZnqTeS8fV74zG0/eRU9VGkpzz+LIJNs8W/zM/L+7ctCkRrgbNnnR0xxw4bKOr0cW0N0Og=="
    },
    "util-deprecate": {
      "version": "1.0.2",
      "resolved": "https://registry.npmjs.org/util-deprecate/-/util-deprecate-1.0.2.tgz",
      "integrity": "sha1-RQ1Nyfpw3nMnYvvS1KKJgUGaDM8="
    },
    "util.promisify": {
      "version": "1.0.0",
      "resolved": "https://registry.npmjs.org/util.promisify/-/util.promisify-1.0.0.tgz",
      "integrity": "sha512-i+6qA2MPhvoKLuxnJNpXAGhg7HphQOSUq2LKMZD0m15EiskXUkMvKdF4Uui0WYeCUGea+o2cw/ZuwehtfsrNkA==",
      "requires": {
        "define-properties": "^1.1.2",
        "object.getownpropertydescriptors": "^2.0.3"
      }
    },
    "websocket-stream": {
      "version": "5.5.2",
      "resolved": "https://registry.npmjs.org/websocket-stream/-/websocket-stream-5.5.2.tgz",
      "integrity": "sha512-8z49MKIHbGk3C4HtuHWDtYX8mYej1wWabjthC/RupM9ngeukU4IWoM46dgth1UOS/T4/IqgEdCDJuMe2039OQQ==",
      "requires": {
        "duplexify": "^3.5.1",
        "inherits": "^2.0.1",
        "readable-stream": "^2.3.3",
        "safe-buffer": "^5.1.2",
        "ws": "^3.2.0",
        "xtend": "^4.0.0"
      }
    },
    "wrappy": {
      "version": "1.0.2",
      "resolved": "https://registry.npmjs.org/wrappy/-/wrappy-1.0.2.tgz",
      "integrity": "sha1-tSQ9jz7BqjXxNkYFvA0QNuMKtp8="
    },
    "ws": {
      "version": "3.3.3",
      "resolved": "https://registry.npmjs.org/ws/-/ws-3.3.3.tgz",
      "integrity": "sha512-nnWLa/NwZSt4KQJu51MYlCcSQ5g7INpOrOMt4XV8j4dqTXdmlUmSHQ8/oLC069ckre0fRsgfvsKwbTdtKLCDkA==",
      "requires": {
        "async-limiter": "~1.0.0",
        "safe-buffer": "~5.1.0",
        "ultron": "~1.1.0"
      }
    },
    "xtend": {
      "version": "4.0.2",
      "resolved": "https://registry.npmjs.org/xtend/-/xtend-4.0.2.tgz",
      "integrity": "sha512-LKYU1iAXJXUgAXn9URjiu+MWhyUXHsvfp7mcuYm9dSUKK0/CjtrUwFAxD82/mCWbtLsGjFIad0wIsod4zrTAEQ=="
    },
    "yallist": {
      "version": "4.0.0",
      "resolved": "https://registry.npmjs.org/yallist/-/yallist-4.0.0.tgz",
      "integrity": "sha512-3wdGidZyq5PB084XLES5TpOSRA3wjXAlIWMhum2kRcv/41Sn2emQ0dycQW4uZXLejwKvg6EsvbdlVL+FYEct7A=="
    }
  }
}
